
Microsoft Visual Studio Solution File, Format Version 12.00
# Visual Studio Version 17
VisualStudioVersion = 17.0.31903.59
MinimumVisualStudioVersion = 10.0.40219.1
Project("{FAE04EC0-301F-11D3-BF4B-00C04F79EFBC}") = "Externalator", "src\Externalator.csproj", "{C97E6695-AE0F-408B-AE9B-2FE229C7CEF8}"
EndProject
Project("{FAE04EC0-301F-11D3-BF4B-00C04F79EFBC}") = "Externalator.Tests", "test\Externalator.Tests.csproj", "{F166F5FE-F8C6-48F1-B229-7AB09DE788E5}"
EndProject
Global
	GlobalSection(SolutionConfigurationPlatforms) = preSolution
		Debug|Any CPU = Debug|Any CPU
		Release|Any CPU = Release|Any CPU
	EndGlobalSection
	GlobalSection(SolutionProperties) = preSolution
		HideSolutionNode = FALSE
	EndGlobalSection
	GlobalSection(ProjectConfigurationPlatforms) = postSolution
		{C97E6695-AE0F-408B-AE9B-2FE229C7CEF8}.Debug|Any CPU.ActiveCfg = Debug|Any CPU
		{C97E6695-AE0F-408B-AE9B-2FE229C7CEF8}.Debug|Any CPU.Build.0 = Debug|Any CPU
		{C97E6695-AE0F-408B-AE9B-2FE229C7CEF8}.Release|Any CPU.ActiveCfg = Release|Any CPU
		{C97E6695-AE0F-408B-AE9B-2FE229C7CEF8}.Release|Any CPU.Build.0 = Release|Any CPU
		{F166F5FE-F8C6-48F1-B229-7AB09DE788E5}.Debug|Any CPU.ActiveCfg = Debug|Any CPU
		{F166F5FE-F8C6-48F1-B229-7AB09DE788E5}.Debug|Any CPU.Build.0 = Debug|Any CPU
		{F166F5FE-F8C6-48F1-B229-7AB09DE788E5}.Release|Any CPU.ActiveCfg = Release|Any CPU
		{F166F5FE-F8C6-48F1-B229-7AB09DE788E5}.Release|Any CPU.Build.0 = Release|Any CPU
	EndGlobalSection
EndGlobal
